// !$*UTF8*$!
{
	archiveVersion = 1;
	classes = {
	};
	objectVersion = 50;
	objects = {

/* Begin PBXBuildFile section */
		A907F7D0231243F100FA39FE /* AppDelegate.swift in Sources */ = {isa = PBXBuildFile; fileRef = A907F7CF231243F100FA39FE /* AppDelegate.swift */; };
		A907F7D2231243F100FA39FE /* ViewController.swift in Sources */ = {isa = PBXBuildFile; fileRef = A907F7D1231243F100FA39FE /* ViewController.swift */; };
		A907F7D5231243F100FA39FE /* Main.storyboard in Resources */ = {isa = PBXBuildFile; fileRef = A907F7D3231243F100FA39FE /* Main.storyboard */; };
		A907F7D8231243F100FA39FE /* FirebaseAuthDemo.xcdatamodeld in Sources */ = {isa = PBXBuildFile; fileRef = A907F7D6231243F100FA39FE /* FirebaseAuthDemo.xcdatamodeld */; };
		A907F7DA231243F300FA39FE /* Assets.xcassets in Resources */ = {isa = PBXBuildFile; fileRef = A907F7D9231243F300FA39FE /* Assets.xcassets */; };
		A907F7DD231243F300FA39FE /* LaunchScreen.storyboard in Resources */ = {isa = PBXBuildFile; fileRef = A907F7DB231243F300FA39FE /* LaunchScreen.storyboard */; };
/* End PBXBuildFile section */

/* Begin PBXFileReference section */
		A907F7CC231243F100FA39FE /* FirebaseAuthDemo.app */ = {isa = PBXFileReference; explicitFileType = wrapper.application; includeInIndex = 0; path = FirebaseAuthDemo.app; sourceTree = BUILT_PRODUCTS_DIR; };
		A907F7CF231243F100FA39FE /* AppDelegate.swift */ = {isa = PBXFileReference; lastKnownFileType = sourcecode.swift; path = AppDelegate.swift; sourceTree = "<group>"; };
		A907F7D1231243F100FA39FE /* ViewController.swift */ = {isa = PBXFileReference; lastKnownFileType = sourcecode.swift; path = ViewController.swift; sourceTree = "<group>"; };
		A907F7D4231243F100FA39FE /* Base */ = {isa = PBXFileReference; lastKnownFileType = file.storyboard; name = Base; path = Base.lproj/Main.storyboard; sourceTree = "<group>"; };
		A907F7D7231243F100FA39FE /* FirebaseAuthDemo.xcdatamodel */ = {isa = PBXFileReference; lastKnownFileType = wrapper.xcdatamodel; path = FirebaseAuthDemo.xcdatamodel; sourceTree = "<group>"; };
		A907F7D9231243F300FA39FE /* Assets.xcassets */ = {isa = PBXFileReference; lastKnownFileType = folder.assetcatalog; path = Assets.xcassets; sourceTree = "<group>"; };
		A907F7DC231243F300FA39FE /* Base */ = {isa = PBXFileReference; lastKnownFileType = file.storyboard; name = Base; path = Base.lproj/LaunchScreen.storyboard; sourceTree = "<group>"; };
		A907F7DE231243F300FA39FE /* Info.plist */ = {isa = PBXFileReference; lastKnownFileType = text.plist.xml; path = Info.plist; sourceTree = "<group>"; };
/* End PBXFileReference section */

/* Begin PBXFrameworksBuildPhase section */
		A907F7C9231243F100FA39FE /* Frameworks */ = {
			isa = PBXFrameworksBuildPhase;
			buildActionMask = 2147483647;
			files = (
			);
			runOnlyForDeploymentPostprocessing = 0;
		};
/* End PBXFrameworksBuildPhase section */

/* Begin PBXGroup section */
		A907F7C3231243F100FA39FE = {
			isa = PBXGroup;
			children = (
				A907F7CE231243F100FA39FE /* FirebaseAuthDemo */,
				A907F7CD231243F100FA39FE /* Products */,
			);
			sourceTree = "<group>";
		};
		A907F7CD231243F100FA39FE /* Products */ = {
			isa = PBXGroup;
			children = (
				A907F7CC231243F100FA39FE /* FirebaseAuthDemo.app */,
			);
			name = Products;
			sourceTree = "<group>";
		};
		A907F7CE231243F100FA39FE /* FirebaseAuthDemo */ = {
			isa = PBXGroup;
			children = (
				A907F7CF231243F100FA39FE /* AppDelegate.swift */,
				A907F7D1231243F100FA39FE /* ViewController.swift */,
				A907F7D3231243F100FA39FE /* Main.storyboard */,
				A907F7D9231243F300FA39FE /* Assets.xcassets */,
				A907F7DB231243F300FA39FE /* LaunchScreen.storyboard */,
				A907F7DE231243F300FA39FE /* Info.plist */,
				A907F7D6231243F100FA39FE /* FirebaseAuthDemo.xcdatamodeld */,
			);
			path = FirebaseAuthDemo;
			sourceTree = "<group>";
		};
/* End PBXGroup section */

/* Begin PBXNativeTarget section */
		A907F7CB231243F100FA39FE /* FirebaseAuthDemo */ = {
			isa = PBXNativeTarget;
			buildConfigurationList = A907F7E1231243F300FA39FE /* Build configuration list for PBXNativeTarget "FirebaseAuthDemo" */;
			buildPhases = (
				A907F7C8231243F100FA39FE /* Sources */,
				A907F7C9231243F100FA39FE /* Frameworks */,
				A907F7CA231243F100FA39FE /* Resources */,
			);
			buildRules = (
			);
			dependencies = (
			);
			name = FirebaseAuthDemo;
			productName = FirebaseAuthDemo;
			productReference = A907F7CC231243F100FA39FE /* FirebaseAuthDemo.app */;
			productType = "com.apple.product-type.application";
		};
/* End PBXNativeTarget section */

/* Begin PBXProject section */
		A907F7C4231243F100FA39FE /* Project object */ = {
			isa = PBXProject;
			attributes = {
				LastSwiftUpdateCheck = 1020;
				LastUpgradeCheck = 1020;
				ORGANIZATIONNAME = Madhav;
				TargetAttributes = {
					A907F7CB231243F100FA39FE = {
						CreatedOnToolsVersion = 10.2.1;
					};
				};
			};
			buildConfigurationList = A907F7C7231243F100FA39FE /* Build configuration list for PBXProject "FirebaseAuthDemo" */;
			compatibilityVersion = "Xcode 9.3";
			developmentRegion = en;
			hasScannedForEncodings = 0;
			knownRegions = (
				en,
				Base,
			);
			mainGroup = A907F7C3231243F100FA39FE;
			productRefGroup = A907F7CD231243F100FA39FE /* Products */;
			projectDirPath = "";
			projectRoot = "";
			targets = (
				A907F7CB231243F100FA39FE /* FirebaseAuthDemo */,
			);
		};
/* End PBXProject section */

/* Begin PBXResourcesBuildPhase section */
		A907F7CA231243F100FA39FE /* Resources */ = {
			isa = PBXResourcesBuildPhase;
			buildActionMask = 2147483647;
			files = (
				A907F7DD231243F300FA39FE /* LaunchScreen.storyboard in Resources */,
				A907F7DA231243F300FA39FE /* Assets.xcassets in Resources */,
				A907F7D5231243F100FA39FE /* Main.storyboard in Resources */,
			);
			runOnlyForDeploymentPostprocessing = 0;
		};
/* End PBXResourcesBuildPhase section */

/* Begin PBXSourcesBuildPhase section */
		A907F7C8231243F100FA39FE /* Sources */ = {
			isa = PBXSourcesBuildPhase;
			buildActionMask = 2147483647;
			files = (
				A907F7D8231243F100FA39FE /* FirebaseAuthDemo.xcdatamodeld in Sources */,
				A907F7D2231243F100FA39FE /* ViewController.swift in Sources */,
				A907F7D0231243F100FA39FE /* AppDelegate.swift in Sources */,
			);
			runOnlyForDeploymentPostprocessing = 0;
		};
/* End PBXSourcesBuildPhase section */

/* Begin PBXVariantGroup section */
		A907F7D3231243F100FA39FE /* Main.storyboard */ = {
			isa = PBXVariantGroup;
			children = (
				A907F7D4231243F100FA39FE /* Base */,
			);
			name = Main.storyboard;
			sourceTree = "<group>";
		};
		A907F7DB231243F300FA39FE /* LaunchScreen.storyboard */ = {
			isa = PBXVariantGroup;
			children = (
				A907F7DC231243F300FA39FE /* Base */,
			);
			name = LaunchScreen.storyboard;
			sourceTree = "<group>";
		};
/* End PBXVariantGroup section */

/* Begin XCBuildConfiguration section */
		A907F7DF231243F300FA39FE /* Debug */ = {
			isa = XCBuildConfiguration;
			buildSettings = {
				ALWAYS_SEARCH_USER_PATHS = NO;
				CLANG_ANALYZER_NONNULL = YES;
				CLANG_ANALYZER_NUMBER_OBJECT_CONVERSION = YES_AGGRESSIVE;
				CLANG_CXX_LANGUAGE_STANDARD = "gnu++14";
				CLANG_CXX_LIBRARY = "libc++";
				CLANG_ENABLE_MODULES = YES;
				CLANG_ENABLE_OBJC_ARC = YES;
				CLANG_ENABLE_OBJC_WEAK = YES;
				CLANG_WARN_BLOCK_CAPTURE_AUTORELEASING = YES;
				CLANG_WARN_BOOL_CONVERSION = YES;
				CLANG_WARN_COMMA = YES;
				CLANG_WARN_CONSTANT_CONVERSION = YES;
				CLANG_WARN_DEPRECATED_OBJC_IMPLEMENTATIONS = YES;
				CLANG_WARN_DIRECT_OBJC_ISA_USAGE = YES_ERROR;
				CLANG_WARN_DOCUMENTATION_COMMENTS = YES;
				CLANG_WARN_EMPTY_BODY = YES;
				CLANG_WARN_ENUM_CONVERSION = YES;
				CLANG_WARN_INFINITE_RECURSION = YES;
				CLANG_WARN_INT_CONVERSION = YES;
				CLANG_WARN_NON_LITERAL_NULL_CONVERSION = YES;
				CLANG_WARN_OBJC_IMPLICIT_RETAIN_SELF = YES;
				CLANG_WARN_OBJC_LITERAL_CONVERSION = YES;
				CLANG_WARN_OBJC_ROOT_CLASS = YES_ERROR;
				CLANG_WARN_RANGE_LOOP_ANALYSIS = YES;
				CLANG_WARN_STRICT_PROTOTYPES = YES;
				CLANG_WARN_SUSPICIOUS_MOVE = YES;
				CLANG_WARN_UNGUARDED_AVAILABILITY = YES_AGGRESSIVE;
				CLANG_WARN_UNREACHABLE_CODE = YES;
				CLANG_WARN__DUPLICATE_METHOD_MATCH = YES;
				CODE_SIGN_IDENTITY = "iPhone Developer";
				COPY_PHASE_STRIP = NO;
				DEBUG_INFORMATION_FORMAT = dwarf;
				ENABLE_STRICT_OBJC_MSGSEND = YES;
				ENABLE_TESTABILITY = YES;
				GCC_C_LANGUAGE_STANDARD = gnu11;
				GCC_DYNAMIC_NO_PIC = NO;
				GCC_NO_COMMON_BLOCKS = YES;
				GCC_OPTIMIZATION_LEVEL = 0;
				GCC_PREPROCESSOR_DEFINITIONS = (
					"DEBUG=1",
					"$(inherited)",
				);
				GCC_WARN_64_TO_32_BIT_CONVERSION = YES;
				GCC_WARN_ABOUT_RETURN_TYPE = YES_ERROR;
				GCC_WARN_UNDECLARED_SELECTOR = YES;
				GCC_WARN_UNINITIALIZED_AUTOS = YES_AGGRESSIVE;
				GCC_WARN_UNUSED_FUNCTION = YES;
				GCC_WARN_UNUSED_VARIABLE = YES;
				IPHONEOS_DEPLOYMENT_TARGET = 12.2;
				MTL_ENABLE_DEBUG_INFO = INCLUDE_SOURCE;
				MTL_FAST_MATH = YES;
				ONLY_ACTIVE_ARCH = YES;
				SDKROOT = iphoneos;
				SWIFT_ACTIVE_COMPILATION_CONDITIONS = DEBUG;
				SWIFT_OPTIMIZATION_LEVEL = "-Onone";
			};
			name = Debug;
		};
		A907F7E0231243F300FA39FE /* Release */ = {
			isa = XCBuildConfiguration;
			buildSettings = {
				ALWAYS_SEARCH_USER_PATHS = NO;
				CLANG_ANALYZER_NONNULL = YES;
				CLANG_ANALYZER_NUMBER_OBJECT_CONVERSION = YES_AGGRESSIVE;
				CLANG_CXX_LANGUAGE_STANDARD = "gnu++14";
				CLANG_CXX_LIBRARY = "libc++";
				CLANG_ENABLE_MODULES = YES;
				CLANG_ENABLE_OBJC_ARC = YES;
				CLANG_ENABLE_OBJC_WEAK = YES;
				CLANG_WARN_BLOCK_CAPTURE_AUTORELEASING = YES;
				CLANG_WARN_BOOL_CONVERSION = YES;
				CLANG_WARN_COMMA = YES;
				CLANG_WARN_CONSTANT_CONVERSION = YES;
				CLANG_WARN_DEPRECATED_OBJC_IMPLEMENTATIONS = YES;
				CLANG_WARN_DIRECT_OBJC_ISA_USAGE = YES_ERROR;
				CLANG_WARN_DOCUMENTATION_COMMENTS = YES;
				CLANG_WARN_EMPTY_BODY = YES;
				CLANG_WARN_ENUM_CONVERSION = YES;
				CLANG_WARN_INFINITE_RECURSION = YES;
				CLANG_WARN_INT_CONVERSION = YES;
				CLANG_WARN_NON_LITERAL_NULL_CONVERSION = YES;
				CLANG_WARN_OBJC_IMPLICIT_RETAIN_SELF = YES;
				CLANG_WARN_OBJC_LITERAL_CONVERSION = YES;
				CLANG_WARN_OBJC_ROOT_CLASS = YES_ERROR;
				CLANG_WARN_RANGE_LOOP_ANALYSIS = YES;
				CLANG_WARN_STRICT_PROTOTYPES = YES;
				CLANG_WARN_SUSPICIOUS_MOVE = YES;
				CLANG_WARN_UNGUARDED_AVAILABILITY = YES_AGGRESSIVE;
				CLANG_WARN_UNREACHABLE_CODE = YES;
				CLANG_WARN__DUPLICATE_METHOD_MATCH = YES;
				CODE_SIGN_IDENTITY = "iPhone Developer";
				COPY_PHASE_STRIP = NO;
				DEBUG_INFORMATION_FORMAT = "dwarf-with-dsym";
				ENABLE_NS_ASSERTIONS = NO;
				ENABLE_STRICT_OBJC_MSGSEND = YES;
				GCC_C_LANGUAGE_STANDARD = gnu11;
				GCC_NO_COMMON_BLOCKS = YES;
				GCC_WARN_64_TO_32_BIT_CONVERSION = YES;
				GCC_WARN_ABOUT_RETURN_TYPE = YES_ERROR;
				GCC_WARN_UNDECLARED_SELECTOR = YES;
				GCC_WARN_UNINITIALIZED_AUTOS = YES_AGGRESSIVE;
				GCC_WARN_UNUSED_FUNCTION = YES;
				GCC_WARN_UNUSED_VARIABLE = YES;
				IPHONEOS_DEPLOYMENT_TARGET = 12.2;
				MTL_ENABLE_DEBUG_INFO = NO;
				MTL_FAST_MATH = YES;
				SDKROOT = iphoneos;
				SWIFT_COMPILATION_MODE = wholemodule;
				SWIFT_OPTIMIZATION_LEVEL = "-O";
				VALIDATE_PRODUCT = YES;
			};
			name = Release;
		};
		A907F7E2231243F300FA39FE /* Debug */ = {
			isa = XCBuildConfiguration;
			buildSettings = {
				ASSETCATALOG_COMPILER_APPICON_NAME = AppIcon;
				CODE_SIGN_STYLE = Automatic;
				DEVELOPMENT_TEAM = KNQBWJK84T;
				INFOPLIST_FILE = FirebaseAuthDemo/Info.plist;
				LD_RUNPATH_SEARCH_PATHS = (
					"$(inherited)",
					"@executable_path/Frameworks",
				);
				PRODUCT_BUNDLE_IDENTIFIER = com.madhav.FirebaseAuthDemo;
				PRODUCT_NAME = "$(TARGET_NAME)";
				SWIFT_VERSION = 5.0;
				TARGETED_DEVICE_FAMILY = "1,2";
			};
			name = Debug;
		};
		A907F7E3231243F300FA39FE /* Release */ = {
			isa = XCBuildConfiguration;
			buildSettings = {
				ASSETCATALOG_COMPILER_APPICON_NAME = AppIcon;
				CODE_SIGN_STYLE = Automatic;
				DEVELOPMENT_TEAM = KNQBWJK84T;
				INFOPLIST_FILE = FirebaseAuthDemo/Info.plist;
				LD_RUNPATH_SEARCH_PATHS = (
					"$(inherited)",
					"@executable_path/Frameworks",
				);
				PRODUCT_BUNDLE_IDENTIFIER = com.madhav.FirebaseAuthDemo;
				PRODUCT_NAME = "$(TARGET_NAME)";
				SWIFT_VERSION = 5.0;
				TARGETED_DEVICE_FAMILY = "1,2";
			};
			name = Release;
		};
/* End XCBuildConfiguration section */

/* Begin XCConfigurationList section */
		A907F7C7231243F100FA39FE /* Build configuration list for PBXProject "FirebaseAuthDemo" */ = {
			isa = XCConfigurationList;
			buildConfigurations = (
				A907F7DF231243F300FA39FE /* Debug */,
				A907F7E0231243F300FA39FE /* Release */,
			);
			defaultConfigurationIsVisible = 0;
			defaultConfigurationName = Release;
		};
		A907F7E1231243F300FA39FE /* Build configuration list for PBXNativeTarget "FirebaseAuthDemo" */ = {
			isa = XCConfigurationList;
			buildConfigurations = (
				A907F7E2231243F300FA39FE /* Debug */,
				A907F7E3231243F300FA39FE /* Release */,
			);
			defaultConfigurationIsVisible = 0;
			defaultConfigurationName = Release;
		};
/* End XCConfigurationList section */

/* Begin XCVersionGroup section */
		A907F7D6231243F100FA39FE /* FirebaseAuthDemo.xcdatamodeld */ = {
			isa = XCVersionGroup;
			children = (
				A907F7D7231243F100FA39FE /* FirebaseAuthDemo.xcdatamodel */,
			);
			currentVersion = A907F7D7231243F100FA39FE /* FirebaseAuthDemo.xcdatamodel */;
			path = FirebaseAuthDemo.xcdatamodeld;
			sourceTree = "<group>";
			versionGroupType = wrapper.xcdatamodel;
		};
/* End XCVersionGroup section */
	};
	rootObject = A907F7C4231243F100FA39FE /* Project object */;
}
